<?xml version="1.0" encoding="utf-8"?>
<Project ToolsVersion="4.0" xmlns="http://schemas.microsoft.com/developer/msbuild/2003">
  <ItemGroup>
    <Filter Include="Source Files">
      <UniqueIdentifier>{4FC737F1-C7A5-4376-A066-2A32D752A2FF}</UniqueIdentifier>
      <Extensions>cpp;c;cc;cxx;c++;cppm;ixx;def;odl;idl;hpj;bat;asm;asmx</Extensions>
    </Filter>
    <Filter Include="Header Files">
      <UniqueIdentifier>{93995380-89BD-4b04-88EB-625FBE52EBFB}</UniqueIdentifier>
      <Extensions>h;hh;hpp;hxx;h++;hm;inl;inc;ipp;xsd</Extensions>
    </Filter>
    <Filter Include="Resource Files">
      <UniqueIdentifier>{67DA6AB6-F800-4c08-8B7A-83BB121AAD01}</UniqueIdentifier>
      <Extensions>rc;ico;cur;bmp;dlg;rc2;rct;bin;rgs;gif;jpg;jpeg;jpe;resx;tiff;tif;png;wav;mfcribbon-ms</Extensions>
    </Filter>
    <Filter Include="World">
      <UniqueIdentifier>{7585d309-fcdd-4221-ab70-e7340f1101b6}</UniqueIdentifier>
    </Filter>
    <Filter Include="Rendering">
      <UniqueIdentifier>{a8d83c08-082b-49f4-9d01-7f53a1ace82a}</UniqueIdentifier>
    </Filter>
    <Filter Include="Base">
      <UniqueIdentifier>{45ff4bae-c249-49f1-bb2e-406c9875421f}</UniqueIdentifier>
    </Filter>
    <Filter Include="Engine">
      <UniqueIdentifier>{cfab9344-f007-4f38-904e-990292a6fe2d}</UniqueIdentifier>
    </Filter>
    <Filter Include="Engine\Components">
      <UniqueIdentifier>{93a6c27c-1bfe-4c39-9f9a-475da7a7a474}</UniqueIdentifier>
    </Filter>
    <Filter Include="Camera">
      <UniqueIdentifier>{169d00ad-efa6-46ef-9db7-5653ae1b1cd9}</UniqueIdentifier>
    </Filter>
    <Filter Include="Camera\Behaviors">
      <UniqueIdentifier>{4e8709ab-5912-4a6e-b394-c4358daab7d6}</UniqueIdentifier>
    </Filter>
    <Filter Include="Shaders">
      <UniqueIdentifier>{ca943ec4-e3ff-48c3-a4fb-c5880d2ef421}</UniqueIdentifier>
    </Filter>
    <Filter Include="Engine\Serialization">
      <UniqueIdentifier>{0f43b27f-e04f-4769-add7-3efa2a3b2ec4}</UniqueIdentifier>
    </Filter>
    <Filter Include="Test">
      <UniqueIdentifier>{6d09fc4d-bc2c-4040-a583-1d1d53eff7d0}</UniqueIdentifier>
    </Filter>
    <Filter Include="Engine\Containers">
      <UniqueIdentifier>{525d65f5-7893-4877-bcf8-0155a191b3ac}</UniqueIdentifier>
    </Filter>
  </ItemGroup>
  <ItemGroup>
    <ClInclude Include="resource.h">
      <Filter>Header Files</Filter>
    </ClInclude>
    <ClInclude Include="WorldModel.h">
      <Filter>World</Filter>
    </ClInclude>
    <ClInclude Include="Renderer.h">
      <Filter>Rendering</Filter>
    </ClInclude>
    <ClInclude Include="ShaderLoader.h">
      <Filter>Rendering</Filter>
    </ClInclude>
    <ClInclude Include="Client.h">
      <Filter>Base</Filter>
    </ClInclude>
    <ClInclude Include="ClientCallbacks.h">
      <Filter>Base</Filter>
    </ClInclude>
    <ClInclude Include="ClientLoader.h">
      <Filter>Base</Filter>
    </ClInclude>
    <ClInclude Include="Core.h">
      <Filter>Base</Filter>
    </ClInclude>
    <ClInclude Include="Defines.h">
      <Filter>Base</Filter>
    </ClInclude>
    <ClInclude Include="Game.h">
      <Filter>Base</Filter>
    </ClInclude>
    <ClInclude Include="Entity.h">
      <Filter>World</Filter>
    </ClInclude>
    <ClInclude Include="UID.h">
      <Filter>Engine</Filter>
    </ClInclude>
    <ClInclude Include="Filepath.h">
      <Filter>Engine</Filter>
    </ClInclude>
    <ClInclude Include="GraphCmp.h">
      <Filter>Engine\Components</Filter>
    </ClInclude>
    <ClInclude Include="Component.h">
      <Filter>Engine\Components</Filter>
    </ClInclude>
    <ClInclude Include="TransformCmp.h">
      <Filter>Engine\Components</Filter>
    </ClInclude>
    <ClInclude Include="Transform.h">
      <Filter>Engine</Filter>
    </ClInclude>
    <ClInclude Include="MathUtils.h">
      <Filter>Engine</Filter>
    </ClInclude>
    <ClInclude Include="Shader.h">
      <Filter>Rendering</Filter>
    </ClInclude>
    <ClInclude Include="Assert.h">
      <Filter>Engine</Filter>
    </ClInclude>
    <ClInclude Include="Mesh.h">
      <Filter>Rendering</Filter>
    </ClInclude>
    <ClInclude Include="ModelLoader.h">
      <Filter>Rendering</Filter>
    </ClInclude>
    <ClInclude Include="Model.h">
      <Filter>Rendering</Filter>
    </ClInclude>
    <ClInclude Include="OpenGLPG_Base.h">
      <Filter>Base</Filter>
    </ClInclude>
    <ClInclude Include="CameraManager.h">
      <Filter>Camera</Filter>
    </ClInclude>
    <ClInclude Include="Camera.h">
      <Filter>Camera</Filter>
    </ClInclude>
    <ClInclude Include="CameraData.h">
      <Filter>Camera</Filter>
    </ClInclude>
    <ClInclude Include="GameInputData.h">
      <Filter>Base</Filter>
    </ClInclude>
    <ClInclude Include="CameraInputData.h">
      <Filter>Camera</Filter>
    </ClInclude>
    <ClInclude Include="CameraUtils.h">
      <Filter>Camera</Filter>
    </ClInclude>
    <ClInclude Include="MovingFrame.h">
      <Filter>Engine</Filter>
    </ClInclude>
    <ClInclude Include="CameraRequests.h">
      <Filter>Camera</Filter>
    </ClInclude>
    <ClInclude Include="CameraSettings.h">
      <Filter>Camera</Filter>
    </ClInclude>
    <ClInclude Include="CameraFactory.h">
      <Filter>Camera</Filter>
    </ClInclude>
    <ClInclude Include="CameraBehavior.h">
      <Filter>Camera</Filter>
    </ClInclude>
    <ClInclude Include="CameraRuntimeData.h">
      <Filter>Camera</Filter>
    </ClInclude>
    <ClInclude Include="InputRotationCameraBehavior.h">
      <Filter>Camera\Behaviors</Filter>
    </ClInclude>
    <ClInclude Include="MathDefines.h">
      <Filter>Engine</Filter>
    </ClInclude>
    <ClInclude Include="InputTranslationCameraBehavior.h">
      <Filter>Camera\Behaviors</Filter>
    </ClInclude>
    <ClInclude Include="DebugImGui.h">
      <Filter>Engine</Filter>
    </ClInclude>
    <ClInclude Include="DebugUtils.h">
      <Filter>Engine</Filter>
    </ClInclude>
    <ClInclude Include="Dual.h">
      <Filter>Engine</Filter>
    </ClInclude>
    <ClInclude Include="InterpolationUtils.h">
      <Filter>Engine</Filter>
    </ClInclude>
    <ClInclude Include="Serializer.h">
      <Filter>Engine\Serialization</Filter>
    </ClInclude>
    <ClInclude Include="Serializable.h">
      <Filter>Engine\Serialization</Filter>
    </ClInclude>
    <ClInclude Include="SerializationTest.h">
      <Filter>Test</Filter>
    </ClInclude>
    <ClInclude Include="Test.h">
      <Filter>Test</Filter>
    </ClInclude>
    <ClInclude Include="Array.h">
      <Filter>Engine\Containers</Filter>
    </ClInclude>
  </ItemGroup>
  <ItemGroup>
    <ClCompile Include="WorldModel.cpp">
      <Filter>World</Filter>
    </ClCompile>
    <ClCompile Include="ShaderLoader.cpp">
      <Filter>Rendering</Filter>
    </ClCompile>
    <ClCompile Include="Renderer.cpp">
      <Filter>Rendering</Filter>
    </ClCompile>
    <ClCompile Include="Client.cpp">
      <Filter>Base</Filter>
    </ClCompile>
    <ClCompile Include="ClientCallbacks.cpp">
      <Filter>Base</Filter>
    </ClCompile>
    <ClCompile Include="ClientLoader.cpp">
      <Filter>Base</Filter>
    </ClCompile>
    <ClCompile Include="Core.cpp">
      <Filter>Base</Filter>
    </ClCompile>
    <ClCompile Include="Game.cpp">
      <Filter>Base</Filter>
    </ClCompile>
    <ClCompile Include="Entity.cpp">
      <Filter>World</Filter>
    </ClCompile>
    <ClCompile Include="UID.cpp">
      <Filter>Engine</Filter>
    </ClCompile>
    <ClCompile Include="Filepath.cpp">
      <Filter>Engine</Filter>
    </ClCompile>
    <ClCompile Include="GraphCmp.cpp">
      <Filter>Engine\Components</Filter>
    </ClCompile>
    <ClCompile Include="TransformCmp.cpp">
      <Filter>Engine\Components</Filter>
    </ClCompile>
    <ClCompile Include="MathUtils.cpp">
      <Filter>Engine</Filter>
    </ClCompile>
    <ClCompile Include="Shader.cpp">
      <Filter>Rendering</Filter>
    </ClCompile>
    <ClCompile Include="Mesh.cpp">
      <Filter>Rendering</Filter>
    </ClCompile>
    <ClCompile Include="ModelLoader.cpp">
      <Filter>Rendering</Filter>
    </ClCompile>
    <ClCompile Include="Model.cpp">
      <Filter>Rendering</Filter>
    </ClCompile>
    <ClCompile Include="CameraManager.cpp">
      <Filter>Camera</Filter>
    </ClCompile>
    <ClCompile Include="Camera.cpp">
      <Filter>Camera</Filter>
    </ClCompile>
    <ClCompile Include="CameraUtils.cpp">
      <Filter>Camera</Filter>
    </ClCompile>
    <ClCompile Include="MovingFrame.cpp">
      <Filter>Engine</Filter>
    </ClCompile>
    <ClCompile Include="Transform.cpp">
      <Filter>Engine</Filter>
    </ClCompile>
    <ClCompile Include="CameraRequests.cpp">
      <Filter>Camera</Filter>
    </ClCompile>
    <ClCompile Include="CameraFactory.cpp">
      <Filter>Camera</Filter>
    </ClCompile>
    <ClCompile Include="InputRotationCameraBehavior.cpp">
      <Filter>Camera\Behaviors</Filter>
    </ClCompile>
    <ClCompile Include="ext\glad.c">
      <Filter>Source Files</Filter>
    </ClCompile>
    <ClCompile Include="ext\imgui.cpp">
      <Filter>Source Files</Filter>
    </ClCompile>
    <ClCompile Include="ext\imgui_demo.cpp">
      <Filter>Source Files</Filter>
    </ClCompile>
    <ClCompile Include="ext\imgui_draw.cpp">
      <Filter>Source Files</Filter>
    </ClCompile>
    <ClCompile Include="ext\imgui_impl_glfw.cpp">
      <Filter>Source Files</Filter>
    </ClCompile>
    <ClCompile Include="ext\imgui_impl_opengl3.cpp">
      <Filter>Source Files</Filter>
    </ClCompile>
    <ClCompile Include="ext\imgui_tables.cpp">
      <Filter>Source Files</Filter>
    </ClCompile>
    <ClCompile Include="ext\imgui_widgets.cpp">
      <Filter>Source Files</Filter>
    </ClCompile>
    <ClCompile Include="GameInputData.cpp">
      <Filter>Base</Filter>
    </ClCompile>
    <ClCompile Include="InputTranslationCameraBehavior.cpp">
      <Filter>Camera\Behaviors</Filter>
    </ClCompile>
    <ClCompile Include="DebugUtils.cpp">
      <Filter>Engine</Filter>
    </ClCompile>
    <ClCompile Include="Dual.cpp">
      <Filter>Engine</Filter>
    </ClCompile>
    <ClCompile Include="InterpolationUtils.cpp">
      <Filter>Engine</Filter>
    </ClCompile>
    <ClCompile Include="Serializer.cpp">
      <Filter>Engine\Serialization</Filter>
    </ClCompile>
    <ClCompile Include="SerializationTest.cpp">
      <Filter>Test</Filter>
    </ClCompile>
    <ClCompile Include="Test.cpp">
      <Filter>Test</Filter>
    </ClCompile>
  </ItemGroup>
  <ItemGroup>
    <ResourceCompile Include="Core.rc">
      <Filter>Resource Files</Filter>
    </ResourceCompile>
  </ItemGroup>
  <ItemGroup>
    <None Include="..\Data\Assets\Shaders\basic.frag">
      <Filter>Shaders</Filter>
    </None>
    <None Include="..\Data\Assets\Shaders\basic.shader">
      <Filter>Shaders</Filter>
    </None>
    <None Include="..\Data\Assets\Shaders\basic.vert">
      <Filter>Shaders</Filter>
    </None>
  </ItemGroup>
</Project>